
Microsoft Visual Studio Solution File, Format Version 12.00
# Visual Studio 15
Project("{FAE04EC0-301F-11D3-BF4B-00C04F79EFBC}") = "VuforiaScripts", "VuforiaScripts.csproj", "{797CCD2F-F8EA-966C-AA1A-71070D3CCDF7}"
EndProject
Project("{FAE04EC0-301F-11D3-BF4B-00C04F79EFBC}") = "VuforiaEditorScripts", "VuforiaEditorScripts.csproj", "{D4DA3486-9C41-CAE2-8CF6-AB9D34CA9259}"
EndProject
Global
	GlobalSection(SolutionConfigurationPlatforms) = preSolution
		Debug|Any CPU = Debug|Any CPU
		Release|Any CPU = Release|Any CPU
	EndGlobalSection
	GlobalSection(ProjectConfigurationPlatforms) = postSolution
		{797CCD2F-F8EA-966C-AA1A-71070D3CCDF7}.Debug|Any CPU.ActiveCfg = Debug|Any CPU
		{797CCD2F-F8EA-966C-AA1A-71070D3CCDF7}.Debug|Any CPU.Build.0 = Debug|Any CPU
		{797CCD2F-F8EA-966C-AA1A-71070D3CCDF7}.Release|Any CPU.ActiveCfg = Release|Any CPU
		{797CCD2F-F8EA-966C-AA1A-71070D3CCDF7}.Release|Any CPU.Build.0 = Release|Any CPU
		{D4DA3486-9C41-CAE2-8CF6-AB9D34CA9259}.Debug|Any CPU.ActiveCfg = Debug|Any CPU
		{D4DA3486-9C41-CAE2-8CF6-AB9D34CA9259}.Debug|Any CPU.Build.0 = Debug|Any CPU
		{D4DA3486-9C41-CAE2-8CF6-AB9D34CA9259}.Release|Any CPU.ActiveCfg = Release|Any CPU
		{D4DA3486-9C41-CAE2-8CF6-AB9D34CA9259}.Release|Any CPU.Build.0 = Release|Any CPU
	EndGlobalSection
	GlobalSection(SolutionProperties) = preSolution
		HideSolutionNode = FALSE
	EndGlobalSection
EndGlobal
